
Microsoft Visual Studio Solution File, Format Version 12.00
# Visual Studio Version 17
VisualStudioVersion = 17.7.34024.191
MinimumVisualStudioVersion = 10.0.40219.1
Project("{FAE04EC0-301F-11D3-BF4B-00C04F79EFBC}") = "01.MonsterExtermination", "01.MonsterExtermination\01.MonsterExtermination.csproj", "{CC1E10EC-7EFA-43CD-9EEB-95C26294E3E8}"
EndProject
Project("{FAE04EC0-301F-11D3-BF4B-00C04F79EFBC}") = "02.DeliveryBoy", "02.DeliveryBoy\02.DeliveryBoy.csproj", "{3231FBF1-4D5F-402F-BE27-B382B1644574}"
EndProject
Project("{FAE04EC0-301F-11D3-BF4B-00C04F79EFBC}") = "03.VendingSystem", "03.VendingSystem\03.VendingSystem.csproj", "{B016D262-909A-4358-80A4-EBE6BBD04C64}"
EndProject
Global
	GlobalSection(SolutionConfigurationPlatforms) = preSolution
		Debug|Any CPU = Debug|Any CPU
		Release|Any CPU = Release|Any CPU
	EndGlobalSection
	GlobalSection(ProjectConfigurationPlatforms) = postSolution
		{CC1E10EC-7EFA-43CD-9EEB-95C26294E3E8}.Debug|Any CPU.ActiveCfg = Debug|Any CPU
		{CC1E10EC-7EFA-43CD-9EEB-95C26294E3E8}.Debug|Any CPU.Build.0 = Debug|Any CPU
		{CC1E10EC-7EFA-43CD-9EEB-95C26294E3E8}.Release|Any CPU.ActiveCfg = Release|Any CPU
		{CC1E10EC-7EFA-43CD-9EEB-95C26294E3E8}.Release|Any CPU.Build.0 = Release|Any CPU
		{3231FBF1-4D5F-402F-BE27-B382B1644574}.Debug|Any CPU.ActiveCfg = Debug|Any CPU
		{3231FBF1-4D5F-402F-BE27-B382B1644574}.Debug|Any CPU.Build.0 = Debug|Any CPU
		{3231FBF1-4D5F-402F-BE27-B382B1644574}.Release|Any CPU.ActiveCfg = Release|Any CPU
		{3231FBF1-4D5F-402F-BE27-B382B1644574}.Release|Any CPU.Build.0 = Release|Any CPU
		{B016D262-909A-4358-80A4-EBE6BBD04C64}.Debug|Any CPU.ActiveCfg = Debug|Any CPU
		{B016D262-909A-4358-80A4-EBE6BBD04C64}.Debug|Any CPU.Build.0 = Debug|Any CPU
		{B016D262-909A-4358-80A4-EBE6BBD04C64}.Release|Any CPU.ActiveCfg = Release|Any CPU
		{B016D262-909A-4358-80A4-EBE6BBD04C64}.Release|Any CPU.Build.0 = Release|Any CPU
	EndGlobalSection
	GlobalSection(SolutionProperties) = preSolution
		HideSolutionNode = FALSE
	EndGlobalSection
	GlobalSection(ExtensibilityGlobals) = postSolution
		SolutionGuid = {AC93CD35-7CC8-412F-9CD2-04AE968D2B90}
	EndGlobalSection
EndGlobal
